
Microsoft Visual Studio Solution File, Format Version 12.00
# Visual Studio Express 2012 for Windows Desktop
Project("{FAE04EC0-301F-11D3-BF4B-00C04F79EFBC}") = "FractalTerrain", "FractalTerrain\FractalTerrain.csproj", "{C3AC2954-005D-4BE6-B6B7-40BA2F9D4C93}"
EndProject
Project("{FAE04EC0-301F-11D3-BF4B-00C04F79EFBC}") = "FractalTerrainTests", "FractalTerrainTests\FractalTerrainTests.csproj", "{4B21A22A-A0F0-4C76-BA91-B7E49F4E9B28}"
EndProject
Global
	GlobalSection(SolutionConfigurationPlatforms) = preSolution
		Debug|Any CPU = Debug|Any CPU
		Release|Any CPU = Release|Any CPU
	EndGlobalSection
	GlobalSection(ProjectConfigurationPlatforms) = postSolution
		{C3AC2954-005D-4BE6-B6B7-40BA2F9D4C93}.Debug|Any CPU.ActiveCfg = Debug|Any CPU
		{C3AC2954-005D-4BE6-B6B7-40BA2F9D4C93}.Debug|Any CPU.Build.0 = Debug|Any CPU
		{C3AC2954-005D-4BE6-B6B7-40BA2F9D4C93}.Release|Any CPU.ActiveCfg = Release|Any CPU
		{C3AC2954-005D-4BE6-B6B7-40BA2F9D4C93}.Release|Any CPU.Build.0 = Release|Any CPU
		{4B21A22A-A0F0-4C76-BA91-B7E49F4E9B28}.Debug|Any CPU.ActiveCfg = Debug|Any CPU
		{4B21A22A-A0F0-4C76-BA91-B7E49F4E9B28}.Debug|Any CPU.Build.0 = Debug|Any CPU
		{4B21A22A-A0F0-4C76-BA91-B7E49F4E9B28}.Release|Any CPU.ActiveCfg = Release|Any CPU
		{4B21A22A-A0F0-4C76-BA91-B7E49F4E9B28}.Release|Any CPU.Build.0 = Release|Any CPU
	EndGlobalSection
	GlobalSection(SolutionProperties) = preSolution
		HideSolutionNode = FALSE
	EndGlobalSection
EndGlobal
